
Microsoft Visual Studio Solution File, Format Version 12.00
# Visual Studio Version 17
VisualStudioVersion = 17.13.35919.96 d17.13
MinimumVisualStudioVersion = 10.0.40219.1
Project("{FAE04EC0-301F-11D3-BF4B-00C04F79EFBC}") = "TripadvisorApiFramework", "TripadvisorApiFramework\TripadvisorApiFramework.csproj", "{070E09F3-DE3C-4375-8567-577E1A150912}"
EndProject
Project("{FAE04EC0-301F-11D3-BF4B-00C04F79EFBC}") = "TripadvisorApiTests", "TripadvisorApiTests\TripadvisorApiTests.csproj", "{D2AE3063-85D4-43B6-8245-39ABB488C1FE}"
EndProject
Global
	GlobalSection(SolutionConfigurationPlatforms) = preSolution
		Debug|Any CPU = Debug|Any CPU
		Release|Any CPU = Release|Any CPU
	EndGlobalSection
	GlobalSection(ProjectConfigurationPlatforms) = postSolution
		{070E09F3-DE3C-4375-8567-577E1A150912}.Debug|Any CPU.ActiveCfg = Debug|Any CPU
		{070E09F3-DE3C-4375-8567-577E1A150912}.Debug|Any CPU.Build.0 = Debug|Any CPU
		{070E09F3-DE3C-4375-8567-577E1A150912}.Release|Any CPU.ActiveCfg = Release|Any CPU
		{070E09F3-DE3C-4375-8567-577E1A150912}.Release|Any CPU.Build.0 = Release|Any CPU
		{D2AE3063-85D4-43B6-8245-39ABB488C1FE}.Debug|Any CPU.ActiveCfg = Debug|Any CPU
		{D2AE3063-85D4-43B6-8245-39ABB488C1FE}.Debug|Any CPU.Build.0 = Debug|Any CPU
		{D2AE3063-85D4-43B6-8245-39ABB488C1FE}.Release|Any CPU.ActiveCfg = Release|Any CPU
		{D2AE3063-85D4-43B6-8245-39ABB488C1FE}.Release|Any CPU.Build.0 = Release|Any CPU
	EndGlobalSection
	GlobalSection(SolutionProperties) = preSolution
		HideSolutionNode = FALSE
	EndGlobalSection
	GlobalSection(ExtensibilityGlobals) = postSolution
		SolutionGuid = {1F1CC32F-39D4-4381-A271-9803AEFB26A8}
	EndGlobalSection
EndGlobal
